
Microsoft Visual Studio Solution File, Format Version 12.00
# Visual Studio Version 16
VisualStudioVersion = 16.0.30907.101
MinimumVisualStudioVersion = 10.0.40219.1
Project("{FAE04EC0-301F-11D3-BF4B-00C04F79EFBC}") = "Aula 60", "Aula 60.csproj", "{53D556E7-EA0B-4260-862C-F0648933F20B}"
EndProject
Global
	GlobalSection(SolutionConfigurationPlatforms) = preSolution
		Debug|Any CPU = Debug|Any CPU
		Release|Any CPU = Release|Any CPU
	EndGlobalSection
	GlobalSection(ProjectConfigurationPlatforms) = postSolution
		{53D556E7-EA0B-4260-862C-F0648933F20B}.Debug|Any CPU.ActiveCfg = Debug|Any CPU
		{53D556E7-EA0B-4260-862C-F0648933F20B}.Debug|Any CPU.Build.0 = Debug|Any CPU
		{53D556E7-EA0B-4260-862C-F0648933F20B}.Release|Any CPU.ActiveCfg = Release|Any CPU
		{53D556E7-EA0B-4260-862C-F0648933F20B}.Release|Any CPU.Build.0 = Release|Any CPU
	EndGlobalSection
	GlobalSection(SolutionProperties) = preSolution
		HideSolutionNode = FALSE
	EndGlobalSection
	GlobalSection(ExtensibilityGlobals) = postSolution
		SolutionGuid = {AE85F553-1883-45CD-ADE2-FD1EF7B4EC17}
	EndGlobalSection
EndGlobal
