
Microsoft Visual Studio Solution File, Format Version 12.00
# Visual Studio Version 16
VisualStudioVersion = 16.0.30907.101
MinimumVisualStudioVersion = 10.0.40219.1
Project("{FAE04EC0-301F-11D3-BF4B-00C04F79EFBC}") = "Testes", "Testes\Testes.csproj", "{9C813262-9764-4B6C-9B4E-861A8D7E7904}"
EndProject
Global
	GlobalSection(SolutionConfigurationPlatforms) = preSolution
		Debug|Any CPU = Debug|Any CPU
		Release|Any CPU = Release|Any CPU
	EndGlobalSection
	GlobalSection(ProjectConfigurationPlatforms) = postSolution
		{9C813262-9764-4B6C-9B4E-861A8D7E7904}.Debug|Any CPU.ActiveCfg = Debug|Any CPU
		{9C813262-9764-4B6C-9B4E-861A8D7E7904}.Debug|Any CPU.Build.0 = Debug|Any CPU
		{9C813262-9764-4B6C-9B4E-861A8D7E7904}.Release|Any CPU.ActiveCfg = Release|Any CPU
		{9C813262-9764-4B6C-9B4E-861A8D7E7904}.Release|Any CPU.Build.0 = Release|Any CPU
	EndGlobalSection
	GlobalSection(SolutionProperties) = preSolution
		HideSolutionNode = FALSE
	EndGlobalSection
	GlobalSection(ExtensibilityGlobals) = postSolution
		SolutionGuid = {D1832578-A29E-4D51-828F-1672A43A1194}
	EndGlobalSection
EndGlobal
