
Microsoft Visual Studio Solution File, Format Version 12.00
# Visual Studio Version 16
VisualStudioVersion = 16.0.30907.101
MinimumVisualStudioVersion = 10.0.40219.1
Project("{FAE04EC0-301F-11D3-BF4B-00C04F79EFBC}") = "Aula 33", "Aula 33.csproj", "{2F95817D-BCCC-42B8-9959-646832DCDFCA}"
EndProject
Global
	GlobalSection(SolutionConfigurationPlatforms) = preSolution
		Debug|Any CPU = Debug|Any CPU
		Release|Any CPU = Release|Any CPU
	EndGlobalSection
	GlobalSection(ProjectConfigurationPlatforms) = postSolution
		{2F95817D-BCCC-42B8-9959-646832DCDFCA}.Debug|Any CPU.ActiveCfg = Debug|Any CPU
		{2F95817D-BCCC-42B8-9959-646832DCDFCA}.Debug|Any CPU.Build.0 = Debug|Any CPU
		{2F95817D-BCCC-42B8-9959-646832DCDFCA}.Release|Any CPU.ActiveCfg = Release|Any CPU
		{2F95817D-BCCC-42B8-9959-646832DCDFCA}.Release|Any CPU.Build.0 = Release|Any CPU
	EndGlobalSection
	GlobalSection(SolutionProperties) = preSolution
		HideSolutionNode = FALSE
	EndGlobalSection
	GlobalSection(ExtensibilityGlobals) = postSolution
		SolutionGuid = {3775E192-79B0-4B94-8DC8-54EC48E0706B}
	EndGlobalSection
EndGlobal
